
Microsoft Visual Studio Solution File, Format Version 12.00
# Visual Studio Version 16
VisualStudioVersion = 16.0.29521.150
MinimumVisualStudioVersion = 10.0.40219.1
Project("{9A19103F-16F7-4668-BE54-9A1E7A4F7556}") = "Vikekh.Vecka.Api", "src\Vikekh.Vecka.Api\Vikekh.Vecka.Api.csproj", "{87A8166F-CDE1-4E66-A078-96BE2618FC15}"
EndProject
Project("{2150E333-8FDC-42A3-9474-1A3956D46DE8}") = "src", "src", "{096582F8-1A85-4A84-9206-3FF91A611443}"
EndProject
Project("{2150E333-8FDC-42A3-9474-1A3956D46DE8}") = "Solution Items", "Solution Items", "{7EDA4470-7C00-411B-A4F7-22658FF6A7F3}"
	ProjectSection(SolutionItems) = preProject
		.editorconfig = .editorconfig
		.gitignore = .gitignore
		LICENSE = LICENSE
		README.md = README.md
	EndProjectSection
EndProject
Project("{E53339B2-1760-4266-BCC7-CA923CBCF16C}") = "docker-compose", "docker-compose.dcproj", "{0AA825B2-A0F1-4228-8005-05D0C9130853}"
EndProject
Global
	GlobalSection(SolutionConfigurationPlatforms) = preSolution
		Debug|Any CPU = Debug|Any CPU
		Release|Any CPU = Release|Any CPU
	EndGlobalSection
	GlobalSection(ProjectConfigurationPlatforms) = postSolution
		{87A8166F-CDE1-4E66-A078-96BE2618FC15}.Debug|Any CPU.ActiveCfg = Debug|Any CPU
		{87A8166F-CDE1-4E66-A078-96BE2618FC15}.Debug|Any CPU.Build.0 = Debug|Any CPU
		{87A8166F-CDE1-4E66-A078-96BE2618FC15}.Release|Any CPU.ActiveCfg = Release|Any CPU
		{87A8166F-CDE1-4E66-A078-96BE2618FC15}.Release|Any CPU.Build.0 = Release|Any CPU
		{0AA825B2-A0F1-4228-8005-05D0C9130853}.Debug|Any CPU.ActiveCfg = Debug|Any CPU
		{0AA825B2-A0F1-4228-8005-05D0C9130853}.Debug|Any CPU.Build.0 = Debug|Any CPU
		{0AA825B2-A0F1-4228-8005-05D0C9130853}.Release|Any CPU.ActiveCfg = Release|Any CPU
		{0AA825B2-A0F1-4228-8005-05D0C9130853}.Release|Any CPU.Build.0 = Release|Any CPU
	EndGlobalSection
	GlobalSection(SolutionProperties) = preSolution
		HideSolutionNode = FALSE
	EndGlobalSection
	GlobalSection(NestedProjects) = preSolution
		{87A8166F-CDE1-4E66-A078-96BE2618FC15} = {096582F8-1A85-4A84-9206-3FF91A611443}
	EndGlobalSection
	GlobalSection(ExtensibilityGlobals) = postSolution
		SolutionGuid = {7EE91D55-4203-45A8-B766-FF3C60E6A1A8}
	EndGlobalSection
EndGlobal
